
Microsoft Visual Studio Solution File, Format Version 12.00
# Visual Studio 15
Project("{FAE04EC0-301F-11D3-BF4B-00C04F79EFBC}") = "Assembly-CSharp", "Assembly-CSharp.csproj", "{A76EA3F8-4764-D14F-51AC-B7268DAD3F0D}"
EndProject
Project("{FAE04EC0-301F-11D3-BF4B-00C04F79EFBC}") = "DOTween.Modules", "DOTween.Modules.csproj", "{C76EC28B-1AB7-5632-3193-B373822C356A}"
EndProject
Global
	GlobalSection(SolutionConfigurationPlatforms) = preSolution
		Debug|Any CPU = Debug|Any CPU
		Release|Any CPU = Release|Any CPU
	EndGlobalSection
	GlobalSection(ProjectConfigurationPlatforms) = postSolution
		{A76EA3F8-4764-D14F-51AC-B7268DAD3F0D}.Debug|Any CPU.ActiveCfg = Debug|Any CPU
		{A76EA3F8-4764-D14F-51AC-B7268DAD3F0D}.Debug|Any CPU.Build.0 = Debug|Any CPU
		{A76EA3F8-4764-D14F-51AC-B7268DAD3F0D}.Release|Any CPU.ActiveCfg = Release|Any CPU
		{A76EA3F8-4764-D14F-51AC-B7268DAD3F0D}.Release|Any CPU.Build.0 = Release|Any CPU
		{C76EC28B-1AB7-5632-3193-B373822C356A}.Debug|Any CPU.ActiveCfg = Debug|Any CPU
		{C76EC28B-1AB7-5632-3193-B373822C356A}.Debug|Any CPU.Build.0 = Debug|Any CPU
		{C76EC28B-1AB7-5632-3193-B373822C356A}.Release|Any CPU.ActiveCfg = Release|Any CPU
		{C76EC28B-1AB7-5632-3193-B373822C356A}.Release|Any CPU.Build.0 = Release|Any CPU
	EndGlobalSection
	GlobalSection(SolutionProperties) = preSolution
		HideSolutionNode = FALSE
	EndGlobalSection
EndGlobal
